
Microsoft Visual Studio Solution File, Format Version 12.00
# Visual Studio Version 17
VisualStudioVersion = 17.8.34330.188
MinimumVisualStudioVersion = 10.0.40219.1
Project("{FAE04EC0-301F-11D3-BF4B-00C04F79EFBC}") = "LibraryManagementWpf", "LibraryManagementWpf\LibraryManagementWpf.csproj", "{B87FF2CF-37D7-4BBF-987C-ED11334CBD2F}"
EndProject
Global
	GlobalSection(SolutionConfigurationPlatforms) = preSolution
		Debug|Any CPU = Debug|Any CPU
		Release|Any CPU = Release|Any CPU
	EndGlobalSection
	GlobalSection(ProjectConfigurationPlatforms) = postSolution
		{B87FF2CF-37D7-4BBF-987C-ED11334CBD2F}.Debug|Any CPU.ActiveCfg = Debug|Any CPU
		{B87FF2CF-37D7-4BBF-987C-ED11334CBD2F}.Debug|Any CPU.Build.0 = Debug|Any CPU
		{B87FF2CF-37D7-4BBF-987C-ED11334CBD2F}.Release|Any CPU.ActiveCfg = Release|Any CPU
		{B87FF2CF-37D7-4BBF-987C-ED11334CBD2F}.Release|Any CPU.Build.0 = Release|Any CPU
	EndGlobalSection
	GlobalSection(SolutionProperties) = preSolution
		HideSolutionNode = FALSE
	EndGlobalSection
	GlobalSection(ExtensibilityGlobals) = postSolution
		SolutionGuid = {8AB693EA-B053-4166-AB92-C422206C3B15}
	EndGlobalSection
EndGlobal
